{
  "name": "bridgepage-endpoint",
  "version": "0.0.1",
  "lockfileVersion": 1,
  "requires": true,
  "dependencies": {
    "safe-string": {
      "version": "1.0.1",
      "resolved": "https://registry.npmjs.org/safe-string/-/safe-string-1.0.1.tgz",
      "integrity": "sha1-gUUzshdXHdGpw9tzXCflFzBjpNI="
    }
  }
}
